{
  "name": "fbcomp",
  "version": "0.0.26",
  "lockfileVersion": 1,
  "requires": true,
  "dependencies": {
    "@formily/core": {
      "version": "1.3.17",
      "resolved": "https://registry.npmjs.org/@formily/core/-/core-1.3.17.tgz",
      "integrity": "sha512-LbxQQmk0q9+ddJ1amV1NIrk8f0QTM66fA73Ki4kKdcNy6H1lzu7svn/wIDZQsVOaFG/cxysw4M9UBU8uJHzZEw==",
      "requires": {
        "@formily/shared": "^1.3.17",
        "@formily/validator": "^1.3.17",
        "immer": "^8.0.1"
      }
    },
    "@formily/react": {
      "version": "1.3.17",
      "resolved": "https://registry.npmjs.org/@formily/react/-/react-1.3.17.tgz",
      "integrity": "sha512-v2BDlgvnLvgnT6Bwdaxy3v1jaB+EGHZOHXU/wdoVZy6CSFbJjhEj4mUX3aF20IGSkUaQSvRBasHxCaQYSvGSFQ==",
      "requires": {
        "@formily/core": "^1.3.17",
        "@formily/shared": "^1.3.17"
      }
    },
    "@formily/react-schema-renderer": {
      "version": "1.3.17",
      "resolved": "https://registry.npmjs.org/@formily/react-schema-renderer/-/react-schema-renderer-1.3.17.tgz",
      "integrity": "sha512-WPPEcsRSZE4CFwmzPFPbW50ls2sI8OAcxdlT8jd5UG9ih4/esn7bTozVX9Mi5rLrAKCJHIatQUWB+FiMEk4Z/g==",
      "requires": {
        "@formily/core": "^1.3.17",
        "@formily/react": "^1.3.17",
        "@formily/shared": "^1.3.17",
        "@formily/validator": "^1.3.17",
        "hoist-non-react-statics": "^3.3.2",
        "pascal-case": "^2.0.1"
      }
    },
    "@formily/shared": {
      "version": "1.3.17",
      "resolved": "https://registry.npmjs.org/@formily/shared/-/shared-1.3.17.tgz",
      "integrity": "sha512-sEyfhhr4B1kRcwdxKtJjjc2imf7w9t1SPEpYt0B/g8hujv2wzBniq7MjIoyAYChw1jgi/3jI9cw/vbSY/+AIJQ==",
      "requires": {
        "camel-case": "~3.0.0",
        "cool-path": "^0.1.31",
        "lower-case": "~1.1.4",
        "scheduler": "~0.19.0",
        "upper-case": "~1.1.3"
      },
      "dependencies": {
        "scheduler": {
          "version": "0.19.1",
          "resolved": "https://registry.npmjs.org/scheduler/-/scheduler-0.19.1.tgz",
          "integrity": "sha512-n/zwRWRYSUj0/3g/otKDRPMh6qv2SYMWNq85IEa8iZyAv8od9zDYpGSnpBEjNgcMNq6Scbu5KfIPxNF72R/2EA==",
          "requires": {
            "loose-envify": "^1.1.0",
            "object-assign": "^4.1.1"
          }
        }
      }
    },
    "@formily/validator": {
      "version": "1.3.17",
      "resolved": "https://registry.npmjs.org/@formily/validator/-/validator-1.3.17.tgz",
      "integrity": "sha512-IariOaAK0uze7NyASZJaMeHv+wuPXtGtZHuz9EzQInPNalo+y7faSPFb/MDRG9mFGREUXh27d38GOsV2W2/zAA==",
      "requires": {
        "@formily/shared": "^1.3.17"
      }
    },
    "camel-case": {
      "version": "3.0.0",
      "resolved": "https://registry.npmjs.org/camel-case/-/camel-case-3.0.0.tgz",
      "integrity": "sha512-+MbKztAYHXPr1jNTSKQF52VpcFjwY5RkR7fxksV8Doo4KAYc5Fl4UJRgthBbTmEx8C54DqahhbLJkDwjI3PI/w==",
      "requires": {
        "no-case": "^2.2.0",
        "upper-case": "^1.1.1"
      }
    },
    "cool-path": {
      "version": "0.1.32",
      "resolved": "https://registry.npmjs.org/cool-path/-/cool-path-0.1.32.tgz",
      "integrity": "sha512-u8xxIqRoOP12uML/H3prx6kOhg+XxyIumz7nn6Kn2k/6sZ8BD4YyomPGGiiZhk0OObjY7QijmZJPskzUaSA8GA=="
    },
    "hoist-non-react-statics": {
      "version": "3.3.2",
      "resolved": "https://registry.npmjs.org/hoist-non-react-statics/-/hoist-non-react-statics-3.3.2.tgz",
      "integrity": "sha512-/gGivxi8JPKWNm/W0jSmzcMPpfpPLc3dY/6GxhX2hQ9iGj3aDfklV4ET7NjKpSinLpJ5vafa9iiGIEZg10SfBw==",
      "requires": {
        "react-is": "^16.7.0"
      }
    },
    "immer": {
      "version": "8.0.4",
      "resolved": "https://registry.npmjs.org/immer/-/immer-8.0.4.tgz",
      "integrity": "sha512-jMfL18P+/6P6epANRvRk6q8t+3gGhqsJ9EuJ25AXE+9bNTYtssvzeYbEd0mXRYWCmmXSIbnlpz6vd6iJlmGGGQ=="
    },
    "js-tokens": {
      "version": "4.0.0",
      "resolved": "https://registry.npmjs.org/js-tokens/-/js-tokens-4.0.0.tgz",
      "integrity": "sha512-RdJUflcE3cUzKiMqQgsCu06FPu9UdIJO0beYbPhHN4k6apgJtifcoCtT9bcxOpYBtpD2kCM6Sbzg4CausW/PKQ=="
    },
    "loose-envify": {
      "version": "1.4.0",
      "resolved": "https://registry.npmjs.org/loose-envify/-/loose-envify-1.4.0.tgz",
      "integrity": "sha512-lyuxPGr/Wfhrlem2CL/UcnUc1zcqKAImBDzukY7Y5F/yQiNdko6+fRLevlw1HgMySw7f611UIY408EtxRSoK3Q==",
      "requires": {
        "js-tokens": "^3.0.0 || ^4.0.0"
      }
    },
    "lower-case": {
      "version": "1.1.4",
      "resolved": "https://registry.npmjs.org/lower-case/-/lower-case-1.1.4.tgz",
      "integrity": "sha512-2Fgx1Ycm599x+WGpIYwJOvsjmXFzTSc34IwDWALRA/8AopUKAVPwfJ+h5+f85BCp0PWmmJcWzEpxOpoXycMpdA=="
    },
    "no-case": {
      "version": "2.3.2",
      "resolved": "https://registry.npmjs.org/no-case/-/no-case-2.3.2.tgz",
      "integrity": "sha512-rmTZ9kz+f3rCvK2TD1Ue/oZlns7OGoIWP4fc3llxxRXlOkHKoWPPWJOfFYpITabSow43QJbRIoHQXtt10VldyQ==",
      "requires": {
        "lower-case": "^1.1.1"
      }
    },
    "object-assign": {
      "version": "4.1.1",
      "resolved": "https://registry.npmjs.org/object-assign/-/object-assign-4.1.1.tgz",
      "integrity": "sha1-IQmtx5ZYh8/AXLvUQsrIv7s2CGM="
    },
    "pascal-case": {
      "version": "2.0.1",
      "resolved": "https://registry.npmjs.org/pascal-case/-/pascal-case-2.0.1.tgz",
      "integrity": "sha512-qjS4s8rBOJa2Xm0jmxXiyh1+OFf6ekCWOvUaRgAQSktzlTbMotS0nmG9gyYAybCWBcuP4fsBeRCKNwGBnMe2OQ==",
      "requires": {
        "camel-case": "^3.0.0",
        "upper-case-first": "^1.1.0"
      }
    },
    "react": {
      "version": "17.0.2",
      "resolved": "https://registry.npmjs.org/react/-/react-17.0.2.tgz",
      "integrity": "sha512-gnhPt75i/dq/z3/6q/0asP78D0u592D5L1pd7M8P+dck6Fu/jJeL6iVVK23fptSUZj8Vjf++7wXA8UNclGQcbA==",
      "dev": true,
      "requires": {
        "loose-envify": "^1.1.0",
        "object-assign": "^4.1.1"
      }
    },
    "react-dom": {
      "version": "17.0.2",
      "resolved": "https://registry.npmjs.org/react-dom/-/react-dom-17.0.2.tgz",
      "integrity": "sha512-s4h96KtLDUQlsENhMn1ar8t2bEa+q/YAtj8pPPdIjPDGBDIVNsrD9aXNWqspUe6AzKCIG0C1HZZLqLV7qpOBGA==",
      "dev": true,
      "requires": {
        "loose-envify": "^1.1.0",
        "object-assign": "^4.1.1",
        "scheduler": "^0.20.2"
      }
    },
    "react-is": {
      "version": "16.13.1",
      "resolved": "https://registry.npmjs.org/react-is/-/react-is-16.13.1.tgz",
      "integrity": "sha512-24e6ynE2H+OKt4kqsOvNd8kBpV65zoxbA4BVsEOB3ARVWQki/DHzaUoC5KuON/BiccDaCCTZBuOcfZs70kR8bQ=="
    },
    "scheduler": {
      "version": "0.20.2",
      "resolved": "https://registry.npmjs.org/scheduler/-/scheduler-0.20.2.tgz",
      "integrity": "sha512-2eWfGgAqqWFGqtdMmcL5zCMK1U8KlXv8SQFGglL3CEtd0aDVDWgeF/YoCmvln55m5zSk3J/20hTaSBeSObsQDQ==",
      "dev": true,
      "requires": {
        "loose-envify": "^1.1.0",
        "object-assign": "^4.1.1"
      }
    },
    "upper-case": {
      "version": "1.1.3",
      "resolved": "https://registry.npmjs.org/upper-case/-/upper-case-1.1.3.tgz",
      "integrity": "sha512-WRbjgmYzgXkCV7zNVpy5YgrHgbBv126rMALQQMrmzOVC4GM2waQ9x7xtm8VU+1yF2kWyPzI9zbZ48n4vSxwfSA=="
    },
    "upper-case-first": {
      "version": "1.1.2",
      "resolved": "https://registry.npmjs.org/upper-case-first/-/upper-case-first-1.1.2.tgz",
      "integrity": "sha512-wINKYvI3Db8dtjikdAqoBbZoP6Q+PZUyfMR7pmwHzjC2quzSkUq5DmPrTtPEqHaz8AGtmsB4TqwapMTM1QAQOQ==",
      "requires": {
        "upper-case": "^1.1.1"
      }
    }
  }
}
